
Microsoft Visual Studio Solution File, Format Version 12.00
# Visual Studio Version 17
VisualStudioVersion = 17.11.35431.28
MinimumVisualStudioVersion = 10.0.40219.1
Project("{FAE04EC0-301F-11D3-BF4B-00C04F79EFBC}") = "SWII6P2", "SWII6P2\SWII6P2.csproj", "{BB0A6F5A-7D28-4D0F-BB4D-F3A3CD164076}"
EndProject
Global
	GlobalSection(SolutionConfigurationPlatforms) = preSolution
		Debug|Any CPU = Debug|Any CPU
		Release|Any CPU = Release|Any CPU
	EndGlobalSection
	GlobalSection(ProjectConfigurationPlatforms) = postSolution
		{BB0A6F5A-7D28-4D0F-BB4D-F3A3CD164076}.Debug|Any CPU.ActiveCfg = Debug|Any CPU
		{BB0A6F5A-7D28-4D0F-BB4D-F3A3CD164076}.Debug|Any CPU.Build.0 = Debug|Any CPU
		{BB0A6F5A-7D28-4D0F-BB4D-F3A3CD164076}.Release|Any CPU.ActiveCfg = Release|Any CPU
		{BB0A6F5A-7D28-4D0F-BB4D-F3A3CD164076}.Release|Any CPU.Build.0 = Release|Any CPU
	EndGlobalSection
	GlobalSection(SolutionProperties) = preSolution
		HideSolutionNode = FALSE
	EndGlobalSection
	GlobalSection(ExtensibilityGlobals) = postSolution
		SolutionGuid = {68F99023-989A-4AE5-8B7B-F75219B8D982}
	EndGlobalSection
EndGlobal
